PODS:
  - AgoraRtcEngine_iOS (4.2.0):
    - AgoraRtcEngine_iOS/AIAEC (= 4.2.0)
    - AgoraRtcEngine_iOS/AINS (= 4.2.0)
    - AgoraRtcEngine_iOS/AudioBeauty (= 4.2.0)
    - AgoraRtcEngine_iOS/ClearVision (= 4.2.0)
    - AgoraRtcEngine_iOS/ContentInspect (= 4.2.0)
    - AgoraRtcEngine_iOS/DRM (= 4.2.0)
    - AgoraRtcEngine_iOS/FaceDetection (= 4.2.0)
    - AgoraRtcEngine_iOS/ReplayKit (= 4.2.0)
    - AgoraRtcEngine_iOS/RtcBasic (= 4.2.0)
    - AgoraRtcEngine_iOS/SpatialAudio (= 4.2.0)
    - AgoraRtcEngine_iOS/VideoCodecDec (= 4.2.0)
    - AgoraRtcEngine_iOS/VideoCodecEnc (= 4.2.0)
    - AgoraRtcEngine_iOS/VirtualBackground (= 4.2.0)
    - AgoraRtcEngine_iOS/VQA (= 4.2.0)
  - AgoraRtcEngine_iOS/AIAEC (4.2.0)
  - AgoraRtcEngine_iOS/AINS (4.2.0)
  - AgoraRtcEngine_iOS/AudioBeauty (4.2.0)
  - AgoraRtcEngine_iOS/ClearVision (4.2.0)
  - AgoraRtcEngine_iOS/ContentInspect (4.2.0)
  - AgoraRtcEngine_iOS/DRM (4.2.0)
  - AgoraRtcEngine_iOS/FaceDetection (4.2.0)
  - AgoraRtcEngine_iOS/ReplayKit (4.2.0)
  - AgoraRtcEngine_iOS/RtcBasic (4.2.0)
  - AgoraRtcEngine_iOS/SpatialAudio (4.2.0)
  - AgoraRtcEngine_iOS/VideoCodecDec (4.2.0)
  - AgoraRtcEngine_iOS/VideoCodecEnc (4.2.0)
  - AgoraRtcEngine_iOS/VirtualBackground (4.2.0)
  - AgoraRtcEngine_iOS/VQA (4.2.0)

DEPENDENCIES:
  - AgoraRtcEngine_iOS

SPEC REPOS:
  trunk:
    - AgoraRtcEngine_iOS

SPEC CHECKSUMS:
  AgoraRtcEngine_iOS: ab13aeb715fc00abc91c4f5c0baab9f05ad79aae

PODFILE CHECKSUM: 0df68ed5e9c079d09dcc771399b615d98fd85914

COCOAPODS: 1.12.0
