// !$*UTF8*$!
{
	archiveVersion = 1;
	classes = {
	};
	objectVersion = 56;
	objects = {

/* Begin PBXBuildFile section */
		1353A5D82A3A04FE00172204 /* AppDelegate.swift in Sources */ = {isa = PBXBuildFile; fileRef = 1353A5D72A3A04FE00172204 /* AppDelegate.swift */; };
		1353A5DA2A3A04FE00172204 /* SceneDelegate.swift in Sources */ = {isa = PBXBuildFile; fileRef = 1353A5D92A3A04FE00172204 /* SceneDelegate.swift */; };
		1353A5DC2A3A04FE00172204 /* ViewController.swift in Sources */ = {isa = PBXBuildFile; fileRef = 1353A5DB2A3A04FE00172204 /* ViewController.swift */; };
		1353A5DF2A3A04FE00172204 /* Main.storyboard in Resources */ = {isa = PBXBuildFile; fileRef = 1353A5DD2A3A04FE00172204 /* Main.storyboard */; };
		1353A5E12A3A04FF00172204 /* Assets.xcassets in Resources */ = {isa = PBXBuildFile; fileRef = 1353A5E02A3A04FF00172204 /* Assets.xcassets */; };
		1353A5E42A3A04FF00172204 /* LaunchScreen.storyboard in Resources */ = {isa = PBXBuildFile; fileRef = 1353A5E22A3A04FF00172204 /* LaunchScreen.storyboard */; };
		1353A5EE2A3A058200172204 /* SDKQuickstartViewController.swift in Sources */ = {isa = PBXBuildFile; fileRef = 1353A5EC2A3A058200172204 /* SDKQuickstartViewController.swift */; };
		1353A5EF2A3A058200172204 /* SDKQuickstartViewController.xib in Resources */ = {isa = PBXBuildFile; fileRef = 1353A5ED2A3A058200172204 /* SDKQuickstartViewController.xib */; };
		2A577DD46F946C8658D3D090 /* Pods_InteractiveLiveStreaming.framework in Frameworks */ = {isa = PBXBuildFile; fileRef = DCBB747A8EC6CE94C5801ED4 /* Pods_InteractiveLiveStreaming.framework */; };
/* End PBXBuildFile section */

/* Begin PBXFileReference section */
		1353A5D42A3A04FE00172204 /* InteractiveLiveStreaming.app */ = {isa = PBXFileReference; explicitFileType = wrapper.application; includeInIndex = 0; path = InteractiveLiveStreaming.app; sourceTree = BUILT_PRODUCTS_DIR; };
		1353A5D72A3A04FE00172204 /* AppDelegate.swift */ = {isa = PBXFileReference; lastKnownFileType = sourcecode.swift; path = AppDelegate.swift; sourceTree = "<group>"; };
		1353A5D92A3A04FE00172204 /* SceneDelegate.swift */ = {isa = PBXFileReference; lastKnownFileType = sourcecode.swift; path = SceneDelegate.swift; sourceTree = "<group>"; };
		1353A5DB2A3A04FE00172204 /* ViewController.swift */ = {isa = PBXFileReference; lastKnownFileType = sourcecode.swift; path = ViewController.swift; sourceTree = "<group>"; };
		1353A5DE2A3A04FE00172204 /* Base */ = {isa = PBXFileReference; lastKnownFileType = file.storyboard; name = Base; path = Base.lproj/Main.storyboard; sourceTree = "<group>"; };
		1353A5E02A3A04FF00172204 /* Assets.xcassets */ = {isa = PBXFileReference; lastKnownFileType = folder.assetcatalog; path = Assets.xcassets; sourceTree = "<group>"; };
		1353A5E32A3A04FF00172204 /* Base */ = {isa = PBXFileReference; lastKnownFileType = file.storyboard; name = Base; path = Base.lproj/LaunchScreen.storyboard; sourceTree = "<group>"; };
		1353A5E52A3A04FF00172204 /* Info.plist */ = {isa = PBXFileReference; lastKnownFileType = text.plist.xml; path = Info.plist; sourceTree = "<group>"; };
		1353A5EC2A3A058200172204 /* SDKQuickstartViewController.swift */ = {isa = PBXFileReference; lastKnownFileType = sourcecode.swift; path = SDKQuickstartViewController.swift; sourceTree = "<group>"; };
		1353A5ED2A3A058200172204 /* SDKQuickstartViewController.xib */ = {isa = PBXFileReference; lastKnownFileType = file.xib; path = SDKQuickstartViewController.xib; sourceTree = "<group>"; };
		B99D48F28C0F45506EA6A617 /* Pods-InteractiveLiveStreaming.debug.xcconfig */ = {isa = PBXFileReference; includeInIndex = 1; lastKnownFileType = text.xcconfig; name = "Pods-InteractiveLiveStreaming.debug.xcconfig"; path = "Target Support Files/Pods-InteractiveLiveStreaming/Pods-InteractiveLiveStreaming.debug.xcconfig"; sourceTree = "<group>"; };
		D185B3AC09F261A18893CE41 /* Pods-InteractiveLiveStreaming.release.xcconfig */ = {isa = PBXFileReference; includeInIndex = 1; lastKnownFileType = text.xcconfig; name = "Pods-InteractiveLiveStreaming.release.xcconfig"; path = "Target Support Files/Pods-InteractiveLiveStreaming/Pods-InteractiveLiveStreaming.release.xcconfig"; sourceTree = "<group>"; };
		DCBB747A8EC6CE94C5801ED4 /* Pods_InteractiveLiveStreaming.framework */ = {isa = PBXFileReference; explicitFileType = wrapper.framework; includeInIndex = 0; path = Pods_InteractiveLiveStreaming.framework; sourceTree = BUILT_PRODUCTS_DIR; };
/* End PBXFileReference section */

/* Begin PBXFrameworksBuildPhase section */
		1353A5D12A3A04FE00172204 /* Frameworks */ = {
			isa = PBXFrameworksBuildPhase;
			buildActionMask = 2147483647;
			files = (
				2A577DD46F946C8658D3D090 /* Pods_InteractiveLiveStreaming.framework in Frameworks */,
			);
			runOnlyForDeploymentPostprocessing = 0;
		};
/* End PBXFrameworksBuildPhase section */

/* Begin PBXGroup section */
		002B56DF58C64638AB1656B7 /* Pods */ = {
			isa = PBXGroup;
			children = (
				B99D48F28C0F45506EA6A617 /* Pods-InteractiveLiveStreaming.debug.xcconfig */,
				D185B3AC09F261A18893CE41 /* Pods-InteractiveLiveStreaming.release.xcconfig */,
			);
			name = Pods;
			path = ../Pods;
			sourceTree = "<group>";
		};
		1353A5CB2A3A04FE00172204 = {
			isa = PBXGroup;
			children = (
				1353A5D62A3A04FE00172204 /* InteractiveLiveStreaming */,
				1353A5D52A3A04FE00172204 /* Products */,
				002B56DF58C64638AB1656B7 /* Pods */,
				2B86C4FAA0A67332AFDFA90A /* Frameworks */,
			);
			sourceTree = "<group>";
		};
		1353A5D52A3A04FE00172204 /* Products */ = {
			isa = PBXGroup;
			children = (
				1353A5D42A3A04FE00172204 /* InteractiveLiveStreaming.app */,
			);
			name = Products;
			sourceTree = "<group>";
		};
		1353A5D62A3A04FE00172204 /* InteractiveLiveStreaming */ = {
			isa = PBXGroup;
			children = (
				1353A5EB2A3A056900172204 /* SDKQuickstart */,
				1353A5D72A3A04FE00172204 /* AppDelegate.swift */,
				1353A5D92A3A04FE00172204 /* SceneDelegate.swift */,
				1353A5DB2A3A04FE00172204 /* ViewController.swift */,
				1353A5DD2A3A04FE00172204 /* Main.storyboard */,
				1353A5E02A3A04FF00172204 /* Assets.xcassets */,
				1353A5E22A3A04FF00172204 /* LaunchScreen.storyboard */,
				1353A5E52A3A04FF00172204 /* Info.plist */,
			);
			path = InteractiveLiveStreaming;
			sourceTree = "<group>";
		};
		1353A5EB2A3A056900172204 /* SDKQuickstart */ = {
			isa = PBXGroup;
			children = (
				1353A5EC2A3A058200172204 /* SDKQuickstartViewController.swift */,
				1353A5ED2A3A058200172204 /* SDKQuickstartViewController.xib */,
			);
			path = SDKQuickstart;
			sourceTree = "<group>";
		};
		2B86C4FAA0A67332AFDFA90A /* Frameworks */ = {
			isa = PBXGroup;
			children = (
				DCBB747A8EC6CE94C5801ED4 /* Pods_InteractiveLiveStreaming.framework */,
			);
			name = Frameworks;
			sourceTree = "<group>";
		};
/* End PBXGroup section */

/* Begin PBXNativeTarget section */
		1353A5D32A3A04FE00172204 /* InteractiveLiveStreaming */ = {
			isa = PBXNativeTarget;
			buildConfigurationList = 1353A5E82A3A04FF00172204 /* Build configuration list for PBXNativeTarget "InteractiveLiveStreaming" */;
			buildPhases = (
				BDF5A89D36A0F675113B6F18 /* [CP] Check Pods Manifest.lock */,
				1353A5D02A3A04FE00172204 /* Sources */,
				1353A5D12A3A04FE00172204 /* Frameworks */,
				1353A5D22A3A04FE00172204 /* Resources */,
				783BC35E7B46CBE594175C78 /* [CP] Embed Pods Frameworks */,
			);
			buildRules = (
			);
			dependencies = (
			);
			name = InteractiveLiveStreaming;
			productName = InteractiveLiveStreaming;
			productReference = 1353A5D42A3A04FE00172204 /* InteractiveLiveStreaming.app */;
			productType = "com.apple.product-type.application";
		};
/* End PBXNativeTarget section */

/* Begin PBXProject section */
		1353A5CC2A3A04FE00172204 /* Project object */ = {
			isa = PBXProject;
			attributes = {
				BuildIndependentTargetsInParallel = 1;
				LastSwiftUpdateCheck = 1430;
				LastUpgradeCheck = 1430;
				TargetAttributes = {
					1353A5D32A3A04FE00172204 = {
						CreatedOnToolsVersion = 14.3;
					};
				};
			};
			buildConfigurationList = 1353A5CF2A3A04FE00172204 /* Build configuration list for PBXProject "InteractiveLiveStreaming" */;
			compatibilityVersion = "Xcode 14.0";
			developmentRegion = en;
			hasScannedForEncodings = 0;
			knownRegions = (
				en,
				Base,
			);
			mainGroup = 1353A5CB2A3A04FE00172204;
			productRefGroup = 1353A5D52A3A04FE00172204 /* Products */;
			projectDirPath = "";
			projectRoot = "";
			targets = (
				1353A5D32A3A04FE00172204 /* InteractiveLiveStreaming */,
			);
		};
/* End PBXProject section */

/* Begin PBXResourcesBuildPhase section */
		1353A5D22A3A04FE00172204 /* Resources */ = {
			isa = PBXResourcesBuildPhase;
			buildActionMask = 2147483647;
			files = (
				1353A5EF2A3A058200172204 /* SDKQuickstartViewController.xib in Resources */,
				1353A5E42A3A04FF00172204 /* LaunchScreen.storyboard in Resources */,
				1353A5E12A3A04FF00172204 /* Assets.xcassets in Resources */,
				1353A5DF2A3A04FE00172204 /* Main.storyboard in Resources */,
			);
			runOnlyForDeploymentPostprocessing = 0;
		};
/* End PBXResourcesBuildPhase section */

/* Begin PBXShellScriptBuildPhase section */
		783BC35E7B46CBE594175C78 /* [CP] Embed Pods Frameworks */ = {
			isa = PBXShellScriptBuildPhase;
			buildActionMask = 2147483647;
			files = (
			);
			inputFileListPaths = (
				"${PODS_ROOT}/Target Support Files/Pods-InteractiveLiveStreaming/Pods-InteractiveLiveStreaming-frameworks-${CONFIGURATION}-input-files.xcfilelist",
			);
			name = "[CP] Embed Pods Frameworks";
			outputFileListPaths = (
				"${PODS_ROOT}/Target Support Files/Pods-InteractiveLiveStreaming/Pods-InteractiveLiveStreaming-frameworks-${CONFIGURATION}-output-files.xcfilelist",
			);
			runOnlyForDeploymentPostprocessing = 0;
			shellPath = /bin/sh;
			shellScript = "\"${PODS_ROOT}/Target Support Files/Pods-InteractiveLiveStreaming/Pods-InteractiveLiveStreaming-frameworks.sh\"\n";
			showEnvVarsInLog = 0;
		};
		BDF5A89D36A0F675113B6F18 /* [CP] Check Pods Manifest.lock */ = {
			isa = PBXShellScriptBuildPhase;
			buildActionMask = 2147483647;
			files = (
			);
			inputFileListPaths = (
			);
			inputPaths = (
				"${PODS_PODFILE_DIR_PATH}/Podfile.lock",
				"${PODS_ROOT}/Manifest.lock",
			);
			name = "[CP] Check Pods Manifest.lock";
			outputFileListPaths = (
			);
			outputPaths = (
				"$(DERIVED_FILE_DIR)/Pods-InteractiveLiveStreaming-checkManifestLockResult.txt",
			);
			runOnlyForDeploymentPostprocessing = 0;
			shellPath = /bin/sh;
			shellScript = "diff \"${PODS_PODFILE_DIR_PATH}/Podfile.lock\" \"${PODS_ROOT}/Manifest.lock\" > /dev/null\nif [ $? != 0 ] ; then\n    # print error to STDERR\n    echo \"error: The sandbox is not in sync with the Podfile.lock. Run 'pod install' or update your CocoaPods installation.\" >&2\n    exit 1\nfi\n# This output is used by Xcode 'outputs' to avoid re-running this script phase.\necho \"SUCCESS\" > \"${SCRIPT_OUTPUT_FILE_0}\"\n";
			showEnvVarsInLog = 0;
		};
/* End PBXShellScriptBuildPhase section */

/* Begin PBXSourcesBuildPhase section */
		1353A5D02A3A04FE00172204 /* Sources */ = {
			isa = PBXSourcesBuildPhase;
			buildActionMask = 2147483647;
			files = (
				1353A5EE2A3A058200172204 /* SDKQuickstartViewController.swift in Sources */,
				1353A5DC2A3A04FE00172204 /* ViewController.swift in Sources */,
				1353A5D82A3A04FE00172204 /* AppDelegate.swift in Sources */,
				1353A5DA2A3A04FE00172204 /* SceneDelegate.swift in Sources */,
			);
			runOnlyForDeploymentPostprocessing = 0;
		};
/* End PBXSourcesBuildPhase section */

/* Begin PBXVariantGroup section */
		1353A5DD2A3A04FE00172204 /* Main.storyboard */ = {
			isa = PBXVariantGroup;
			children = (
				1353A5DE2A3A04FE00172204 /* Base */,
			);
			name = Main.storyboard;
			sourceTree = "<group>";
		};
		1353A5E22A3A04FF00172204 /* LaunchScreen.storyboard */ = {
			isa = PBXVariantGroup;
			children = (
				1353A5E32A3A04FF00172204 /* Base */,
			);
			name = LaunchScreen.storyboard;
			sourceTree = "<group>";
		};
/* End PBXVariantGroup section */

/* Begin XCBuildConfiguration section */
		1353A5E62A3A04FF00172204 /* Debug */ = {
			isa = XCBuildConfiguration;
			buildSettings = {
				ALWAYS_SEARCH_USER_PATHS = NO;
				CLANG_ANALYZER_NONNULL = YES;
				CLANG_ANALYZER_NUMBER_OBJECT_CONVERSION = YES_AGGRESSIVE;
				CLANG_CXX_LANGUAGE_STANDARD = "gnu++20";
				CLANG_ENABLE_MODULES = YES;
				CLANG_ENABLE_OBJC_ARC = YES;
				CLANG_ENABLE_OBJC_WEAK = YES;
				CLANG_WARN_BLOCK_CAPTURE_AUTORELEASING = YES;
				CLANG_WARN_BOOL_CONVERSION = YES;
				CLANG_WARN_COMMA = YES;
				CLANG_WARN_CONSTANT_CONVERSION = YES;
				CLANG_WARN_DEPRECATED_OBJC_IMPLEMENTATIONS = YES;
				CLANG_WARN_DIRECT_OBJC_ISA_USAGE = YES_ERROR;
				CLANG_WARN_DOCUMENTATION_COMMENTS = YES;
				CLANG_WARN_EMPTY_BODY = YES;
				CLANG_WARN_ENUM_CONVERSION = YES;
				CLANG_WARN_INFINITE_RECURSION = YES;
				CLANG_WARN_INT_CONVERSION = YES;
				CLANG_WARN_NON_LITERAL_NULL_CONVERSION = YES;
				CLANG_WARN_OBJC_IMPLICIT_RETAIN_SELF = YES;
				CLANG_WARN_OBJC_LITERAL_CONVERSION = YES;
				CLANG_WARN_OBJC_ROOT_CLASS = YES_ERROR;
				CLANG_WARN_QUOTED_INCLUDE_IN_FRAMEWORK_HEADER = YES;
				CLANG_WARN_RANGE_LOOP_ANALYSIS = YES;
				CLANG_WARN_STRICT_PROTOTYPES = YES;
				CLANG_WARN_SUSPICIOUS_MOVE = YES;
				CLANG_WARN_UNGUARDED_AVAILABILITY = YES_AGGRESSIVE;
				CLANG_WARN_UNREACHABLE_CODE = YES;
				CLANG_WARN__DUPLICATE_METHOD_MATCH = YES;
				COPY_PHASE_STRIP = NO;
				DEBUG_INFORMATION_FORMAT = dwarf;
				ENABLE_STRICT_OBJC_MSGSEND = YES;
				ENABLE_TESTABILITY = YES;
				GCC_C_LANGUAGE_STANDARD = gnu11;
				GCC_DYNAMIC_NO_PIC = NO;
				GCC_NO_COMMON_BLOCKS = YES;
				GCC_OPTIMIZATION_LEVEL = 0;
				GCC_PREPROCESSOR_DEFINITIONS = (
					"DEBUG=1",
					"$(inherited)",
				);
				GCC_WARN_64_TO_32_BIT_CONVERSION = YES;
				GCC_WARN_ABOUT_RETURN_TYPE = YES_ERROR;
				GCC_WARN_UNDECLARED_SELECTOR = YES;
				GCC_WARN_UNINITIALIZED_AUTOS = YES_AGGRESSIVE;
				GCC_WARN_UNUSED_FUNCTION = YES;
				GCC_WARN_UNUSED_VARIABLE = YES;
				IPHONEOS_DEPLOYMENT_TARGET = 16.4;
				MTL_ENABLE_DEBUG_INFO = INCLUDE_SOURCE;
				MTL_FAST_MATH = YES;
				ONLY_ACTIVE_ARCH = YES;
				SDKROOT = iphoneos;
				SWIFT_ACTIVE_COMPILATION_CONDITIONS = DEBUG;
				SWIFT_OPTIMIZATION_LEVEL = "-Onone";
			};
			name = Debug;
		};
		1353A5E72A3A04FF00172204 /* Release */ = {
			isa = XCBuildConfiguration;
			buildSettings = {
				ALWAYS_SEARCH_USER_PATHS = NO;
				CLANG_ANALYZER_NONNULL = YES;
				CLANG_ANALYZER_NUMBER_OBJECT_CONVERSION = YES_AGGRESSIVE;
				CLANG_CXX_LANGUAGE_STANDARD = "gnu++20";
				CLANG_ENABLE_MODULES = YES;
				CLANG_ENABLE_OBJC_ARC = YES;
				CLANG_ENABLE_OBJC_WEAK = YES;
				CLANG_WARN_BLOCK_CAPTURE_AUTORELEASING = YES;
				CLANG_WARN_BOOL_CONVERSION = YES;
				CLANG_WARN_COMMA = YES;
				CLANG_WARN_CONSTANT_CONVERSION = YES;
				CLANG_WARN_DEPRECATED_OBJC_IMPLEMENTATIONS = YES;
				CLANG_WARN_DIRECT_OBJC_ISA_USAGE = YES_ERROR;
				CLANG_WARN_DOCUMENTATION_COMMENTS = YES;
				CLANG_WARN_EMPTY_BODY = YES;
				CLANG_WARN_ENUM_CONVERSION = YES;
				CLANG_WARN_INFINITE_RECURSION = YES;
				CLANG_WARN_INT_CONVERSION = YES;
				CLANG_WARN_NON_LITERAL_NULL_CONVERSION = YES;
				CLANG_WARN_OBJC_IMPLICIT_RETAIN_SELF = YES;
				CLANG_WARN_OBJC_LITERAL_CONVERSION = YES;
				CLANG_WARN_OBJC_ROOT_CLASS = YES_ERROR;
				CLANG_WARN_QUOTED_INCLUDE_IN_FRAMEWORK_HEADER = YES;
				CLANG_WARN_RANGE_LOOP_ANALYSIS = YES;
				CLANG_WARN_STRICT_PROTOTYPES = YES;
				CLANG_WARN_SUSPICIOUS_MOVE = YES;
				CLANG_WARN_UNGUARDED_AVAILABILITY = YES_AGGRESSIVE;
				CLANG_WARN_UNREACHABLE_CODE = YES;
				CLANG_WARN__DUPLICATE_METHOD_MATCH = YES;
				COPY_PHASE_STRIP = NO;
				DEBUG_INFORMATION_FORMAT = "dwarf-with-dsym";
				ENABLE_NS_ASSERTIONS = NO;
				ENABLE_STRICT_OBJC_MSGSEND = YES;
				GCC_C_LANGUAGE_STANDARD = gnu11;
				GCC_NO_COMMON_BLOCKS = YES;
				GCC_WARN_64_TO_32_BIT_CONVERSION = YES;
				GCC_WARN_ABOUT_RETURN_TYPE = YES_ERROR;
				GCC_WARN_UNDECLARED_SELECTOR = YES;
				GCC_WARN_UNINITIALIZED_AUTOS = YES_AGGRESSIVE;
				GCC_WARN_UNUSED_FUNCTION = YES;
				GCC_WARN_UNUSED_VARIABLE = YES;
				IPHONEOS_DEPLOYMENT_TARGET = 16.4;
				MTL_ENABLE_DEBUG_INFO = NO;
				MTL_FAST_MATH = YES;
				SDKROOT = iphoneos;
				SWIFT_COMPILATION_MODE = wholemodule;
				SWIFT_OPTIMIZATION_LEVEL = "-O";
				VALIDATE_PRODUCT = YES;
			};
			name = Release;
		};
		1353A5E92A3A04FF00172204 /* Debug */ = {
			isa = XCBuildConfiguration;
			baseConfigurationReference = B99D48F28C0F45506EA6A617 /* Pods-InteractiveLiveStreaming.debug.xcconfig */;
			buildSettings = {
				ASSETCATALOG_COMPILER_APPICON_NAME = AppIcon;
				ASSETCATALOG_COMPILER_GLOBAL_ACCENT_COLOR_NAME = AccentColor;
				CODE_SIGN_STYLE = Automatic;
				CURRENT_PROJECT_VERSION = 1;
				DEVELOPMENT_TEAM = 36BF9P9PDN;
				GENERATE_INFOPLIST_FILE = YES;
				INFOPLIST_FILE = InteractiveLiveStreaming/Info.plist;
				INFOPLIST_KEY_UIApplicationSupportsIndirectInputEvents = YES;
				INFOPLIST_KEY_UILaunchStoryboardName = LaunchScreen;
				INFOPLIST_KEY_UIMainStoryboardFile = Main;
				INFOPLIST_KEY_UISupportedInterfaceOrientations_iPad = "UIInterfaceOrientationPortrait UIInterfaceOrientationPortraitUpsideDown UIInterfaceOrientationLandscapeLeft UIInterfaceOrientationLandscapeRight";
				INFOPLIST_KEY_UISupportedInterfaceOrientations_iPhone = "UIInterfaceOrientationPortrait UIInterfaceOrientationLandscapeLeft UIInterfaceOrientationLandscapeRight";
				LD_RUNPATH_SEARCH_PATHS = (
					"$(inherited)",
					"@executable_path/Frameworks",
				);
				MARKETING_VERSION = 1.0;
				PRODUCT_BUNDLE_IDENTIFIER = bradley.hoang.InteractiveLiveStreaming;
				PRODUCT_NAME = "$(TARGET_NAME)";
				SWIFT_EMIT_LOC_STRINGS = YES;
				SWIFT_VERSION = 5.0;
				TARGETED_DEVICE_FAMILY = "1,2";
			};
			name = Debug;
		};
		1353A5EA2A3A04FF00172204 /* Release */ = {
			isa = XCBuildConfiguration;
			baseConfigurationReference = D185B3AC09F261A18893CE41 /* Pods-InteractiveLiveStreaming.release.xcconfig */;
			buildSettings = {
				ASSETCATALOG_COMPILER_APPICON_NAME = AppIcon;
				ASSETCATALOG_COMPILER_GLOBAL_ACCENT_COLOR_NAME = AccentColor;
				CODE_SIGN_STYLE = Automatic;
				CURRENT_PROJECT_VERSION = 1;
				DEVELOPMENT_TEAM = 36BF9P9PDN;
				GENERATE_INFOPLIST_FILE = YES;
				INFOPLIST_FILE = InteractiveLiveStreaming/Info.plist;
				INFOPLIST_KEY_UIApplicationSupportsIndirectInputEvents = YES;
				INFOPLIST_KEY_UILaunchStoryboardName = LaunchScreen;
				INFOPLIST_KEY_UIMainStoryboardFile = Main;
				INFOPLIST_KEY_UISupportedInterfaceOrientations_iPad = "UIInterfaceOrientationPortrait UIInterfaceOrientationPortraitUpsideDown UIInterfaceOrientationLandscapeLeft UIInterfaceOrientationLandscapeRight";
				INFOPLIST_KEY_UISupportedInterfaceOrientations_iPhone = "UIInterfaceOrientationPortrait UIInterfaceOrientationLandscapeLeft UIInterfaceOrientationLandscapeRight";
				LD_RUNPATH_SEARCH_PATHS = (
					"$(inherited)",
					"@executable_path/Frameworks",
				);
				MARKETING_VERSION = 1.0;
				PRODUCT_BUNDLE_IDENTIFIER = bradley.hoang.InteractiveLiveStreaming;
				PRODUCT_NAME = "$(TARGET_NAME)";
				SWIFT_EMIT_LOC_STRINGS = YES;
				SWIFT_VERSION = 5.0;
				TARGETED_DEVICE_FAMILY = "1,2";
			};
			name = Release;
		};
/* End XCBuildConfiguration section */

/* Begin XCConfigurationList section */
		1353A5CF2A3A04FE00172204 /* Build configuration list for PBXProject "InteractiveLiveStreaming" */ = {
			isa = XCConfigurationList;
			buildConfigurations = (
				1353A5E62A3A04FF00172204 /* Debug */,
				1353A5E72A3A04FF00172204 /* Release */,
			);
			defaultConfigurationIsVisible = 0;
			defaultConfigurationName = Release;
		};
		1353A5E82A3A04FF00172204 /* Build configuration list for PBXNativeTarget "InteractiveLiveStreaming" */ = {
			isa = XCConfigurationList;
			buildConfigurations = (
				1353A5E92A3A04FF00172204 /* Debug */,
				1353A5EA2A3A04FF00172204 /* Release */,
			);
			defaultConfigurationIsVisible = 0;
			defaultConfigurationName = Release;
		};
/* End XCConfigurationList section */
	};
	rootObject = 1353A5CC2A3A04FE00172204 /* Project object */;
}
