// !$*UTF8*$!
{
	archiveVersion = 1;
	classes = {
	};
	objectVersion = 56;
	objects = {

/* Begin PBXBuildFile section */
		1353A5AC2A38DB6A00172204 /* AppDelegate.swift in Sources */ = {isa = PBXBuildFile; fileRef = 1353A5AB2A38DB6A00172204 /* AppDelegate.swift */; };
		1353A5AE2A38DB6A00172204 /* SceneDelegate.swift in Sources */ = {isa = PBXBuildFile; fileRef = 1353A5AD2A38DB6A00172204 /* SceneDelegate.swift */; };
		1353A5B02A38DB6A00172204 /* ViewController.swift in Sources */ = {isa = PBXBuildFile; fileRef = 1353A5AF2A38DB6A00172204 /* ViewController.swift */; };
		1353A5B32A38DB6A00172204 /* Main.storyboard in Resources */ = {isa = PBXBuildFile; fileRef = 1353A5B12A38DB6A00172204 /* Main.storyboard */; };
		1353A5B52A38DB6C00172204 /* Assets.xcassets in Resources */ = {isa = PBXBuildFile; fileRef = 1353A5B42A38DB6C00172204 /* Assets.xcassets */; };
		1353A5B82A38DB6C00172204 /* LaunchScreen.storyboard in Resources */ = {isa = PBXBuildFile; fileRef = 1353A5B62A38DB6C00172204 /* LaunchScreen.storyboard */; };
		1353A5C42A38DF2900172204 /* SDKQuickstartViewController.swift in Sources */ = {isa = PBXBuildFile; fileRef = 1353A5C22A38DF2900172204 /* SDKQuickstartViewController.swift */; };
		1353A5C52A38DF2900172204 /* SDKQuickstartViewController.xib in Resources */ = {isa = PBXBuildFile; fileRef = 1353A5C32A38DF2900172204 /* SDKQuickstartViewController.xib */; };
		947B7A004843EB3228B98AF0 /* Pods_BroadcastStreaming.framework in Frameworks */ = {isa = PBXBuildFile; fileRef = 47F5DBCA535E165B312168F4 /* Pods_BroadcastStreaming.framework */; };
/* End PBXBuildFile section */

/* Begin PBXFileReference section */
		020CFFA9D9ECD586BC701027 /* Pods-BroadcastStreaming.release.xcconfig */ = {isa = PBXFileReference; includeInIndex = 1; lastKnownFileType = text.xcconfig; name = "Pods-BroadcastStreaming.release.xcconfig"; path = "Target Support Files/Pods-BroadcastStreaming/Pods-BroadcastStreaming.release.xcconfig"; sourceTree = "<group>"; };
		07363A984B815F18D6C99596 /* Pods-BroadcastStreaming.debug.xcconfig */ = {isa = PBXFileReference; includeInIndex = 1; lastKnownFileType = text.xcconfig; name = "Pods-BroadcastStreaming.debug.xcconfig"; path = "Target Support Files/Pods-BroadcastStreaming/Pods-BroadcastStreaming.debug.xcconfig"; sourceTree = "<group>"; };
		1353A5A82A38DB6A00172204 /* BroadcastStreaming.app */ = {isa = PBXFileReference; explicitFileType = wrapper.application; includeInIndex = 0; path = BroadcastStreaming.app; sourceTree = BUILT_PRODUCTS_DIR; };
		1353A5AB2A38DB6A00172204 /* AppDelegate.swift */ = {isa = PBXFileReference; lastKnownFileType = sourcecode.swift; path = AppDelegate.swift; sourceTree = "<group>"; };
		1353A5AD2A38DB6A00172204 /* SceneDelegate.swift */ = {isa = PBXFileReference; lastKnownFileType = sourcecode.swift; path = SceneDelegate.swift; sourceTree = "<group>"; };
		1353A5AF2A38DB6A00172204 /* ViewController.swift */ = {isa = PBXFileReference; lastKnownFileType = sourcecode.swift; path = ViewController.swift; sourceTree = "<group>"; };
		1353A5B22A38DB6A00172204 /* Base */ = {isa = PBXFileReference; lastKnownFileType = file.storyboard; name = Base; path = Base.lproj/Main.storyboard; sourceTree = "<group>"; };
		1353A5B42A38DB6C00172204 /* Assets.xcassets */ = {isa = PBXFileReference; lastKnownFileType = folder.assetcatalog; path = Assets.xcassets; sourceTree = "<group>"; };
		1353A5B72A38DB6C00172204 /* Base */ = {isa = PBXFileReference; lastKnownFileType = file.storyboard; name = Base; path = Base.lproj/LaunchScreen.storyboard; sourceTree = "<group>"; };
		1353A5B92A38DB6C00172204 /* Info.plist */ = {isa = PBXFileReference; lastKnownFileType = text.plist.xml; path = Info.plist; sourceTree = "<group>"; };
		1353A5C22A38DF2900172204 /* SDKQuickstartViewController.swift */ = {isa = PBXFileReference; lastKnownFileType = sourcecode.swift; path = SDKQuickstartViewController.swift; sourceTree = "<group>"; };
		1353A5C32A38DF2900172204 /* SDKQuickstartViewController.xib */ = {isa = PBXFileReference; lastKnownFileType = file.xib; path = SDKQuickstartViewController.xib; sourceTree = "<group>"; };
		47F5DBCA535E165B312168F4 /* Pods_BroadcastStreaming.framework */ = {isa = PBXFileReference; explicitFileType = wrapper.framework; includeInIndex = 0; path = Pods_BroadcastStreaming.framework; sourceTree = BUILT_PRODUCTS_DIR; };
/* End PBXFileReference section */

/* Begin PBXFrameworksBuildPhase section */
		1353A5A52A38DB6A00172204 /* Frameworks */ = {
			isa = PBXFrameworksBuildPhase;
			buildActionMask = 2147483647;
			files = (
				947B7A004843EB3228B98AF0 /* Pods_BroadcastStreaming.framework in Frameworks */,
			);
			runOnlyForDeploymentPostprocessing = 0;
		};
/* End PBXFrameworksBuildPhase section */

/* Begin PBXGroup section */
		1353A59F2A38DB6A00172204 = {
			isa = PBXGroup;
			children = (
				1353A5AA2A38DB6A00172204 /* BroadcastStreaming */,
				1353A5A92A38DB6A00172204 /* Products */,
				40B50035330B1A6B9BAF5215 /* Pods */,
				36B928BAC3826B9884746567 /* Frameworks */,
			);
			sourceTree = "<group>";
		};
		1353A5A92A38DB6A00172204 /* Products */ = {
			isa = PBXGroup;
			children = (
				1353A5A82A38DB6A00172204 /* BroadcastStreaming.app */,
			);
			name = Products;
			sourceTree = "<group>";
		};
		1353A5AA2A38DB6A00172204 /* BroadcastStreaming */ = {
			isa = PBXGroup;
			children = (
				1353A5BF2A38DEE800172204 /* SDKQuickstart */,
				1353A5AB2A38DB6A00172204 /* AppDelegate.swift */,
				1353A5AD2A38DB6A00172204 /* SceneDelegate.swift */,
				1353A5AF2A38DB6A00172204 /* ViewController.swift */,
				1353A5B12A38DB6A00172204 /* Main.storyboard */,
				1353A5B42A38DB6C00172204 /* Assets.xcassets */,
				1353A5B62A38DB6C00172204 /* LaunchScreen.storyboard */,
				1353A5B92A38DB6C00172204 /* Info.plist */,
			);
			path = BroadcastStreaming;
			sourceTree = "<group>";
		};
		1353A5BF2A38DEE800172204 /* SDKQuickstart */ = {
			isa = PBXGroup;
			children = (
				1353A5C22A38DF2900172204 /* SDKQuickstartViewController.swift */,
				1353A5C32A38DF2900172204 /* SDKQuickstartViewController.xib */,
			);
			path = SDKQuickstart;
			sourceTree = "<group>";
		};
		36B928BAC3826B9884746567 /* Frameworks */ = {
			isa = PBXGroup;
			children = (
				47F5DBCA535E165B312168F4 /* Pods_BroadcastStreaming.framework */,
			);
			name = Frameworks;
			sourceTree = "<group>";
		};
		40B50035330B1A6B9BAF5215 /* Pods */ = {
			isa = PBXGroup;
			children = (
				07363A984B815F18D6C99596 /* Pods-BroadcastStreaming.debug.xcconfig */,
				020CFFA9D9ECD586BC701027 /* Pods-BroadcastStreaming.release.xcconfig */,
			);
			name = Pods;
			path = ../Pods;
			sourceTree = "<group>";
		};
/* End PBXGroup section */

/* Begin PBXNativeTarget section */
		1353A5A72A38DB6A00172204 /* BroadcastStreaming */ = {
			isa = PBXNativeTarget;
			buildConfigurationList = 1353A5BC2A38DB6C00172204 /* Build configuration list for PBXNativeTarget "BroadcastStreaming" */;
			buildPhases = (
				4ACF3F6356852D0FD8A0A700 /* [CP] Check Pods Manifest.lock */,
				1353A5A42A38DB6A00172204 /* Sources */,
				1353A5A52A38DB6A00172204 /* Frameworks */,
				1353A5A62A38DB6A00172204 /* Resources */,
				3E9394DAC3DA459501E2BB1A /* [CP] Embed Pods Frameworks */,
			);
			buildRules = (
			);
			dependencies = (
			);
			name = BroadcastStreaming;
			productName = BroadcastStreaming;
			productReference = 1353A5A82A38DB6A00172204 /* BroadcastStreaming.app */;
			productType = "com.apple.product-type.application";
		};
/* End PBXNativeTarget section */

/* Begin PBXProject section */
		1353A5A02A38DB6A00172204 /* Project object */ = {
			isa = PBXProject;
			attributes = {
				BuildIndependentTargetsInParallel = 1;
				LastSwiftUpdateCheck = 1430;
				LastUpgradeCheck = 1430;
				TargetAttributes = {
					1353A5A72A38DB6A00172204 = {
						CreatedOnToolsVersion = 14.3;
					};
				};
			};
			buildConfigurationList = 1353A5A32A38DB6A00172204 /* Build configuration list for PBXProject "BroadcastStreaming" */;
			compatibilityVersion = "Xcode 14.0";
			developmentRegion = en;
			hasScannedForEncodings = 0;
			knownRegions = (
				en,
				Base,
			);
			mainGroup = 1353A59F2A38DB6A00172204;
			productRefGroup = 1353A5A92A38DB6A00172204 /* Products */;
			projectDirPath = "";
			projectRoot = "";
			targets = (
				1353A5A72A38DB6A00172204 /* BroadcastStreaming */,
			);
		};
/* End PBXProject section */

/* Begin PBXResourcesBuildPhase section */
		1353A5A62A38DB6A00172204 /* Resources */ = {
			isa = PBXResourcesBuildPhase;
			buildActionMask = 2147483647;
			files = (
				1353A5C52A38DF2900172204 /* SDKQuickstartViewController.xib in Resources */,
				1353A5B82A38DB6C00172204 /* LaunchScreen.storyboard in Resources */,
				1353A5B52A38DB6C00172204 /* Assets.xcassets in Resources */,
				1353A5B32A38DB6A00172204 /* Main.storyboard in Resources */,
			);
			runOnlyForDeploymentPostprocessing = 0;
		};
/* End PBXResourcesBuildPhase section */

/* Begin PBXShellScriptBuildPhase section */
		3E9394DAC3DA459501E2BB1A /* [CP] Embed Pods Frameworks */ = {
			isa = PBXShellScriptBuildPhase;
			buildActionMask = 2147483647;
			files = (
			);
			inputFileListPaths = (
				"${PODS_ROOT}/Target Support Files/Pods-BroadcastStreaming/Pods-BroadcastStreaming-frameworks-${CONFIGURATION}-input-files.xcfilelist",
			);
			name = "[CP] Embed Pods Frameworks";
			outputFileListPaths = (
				"${PODS_ROOT}/Target Support Files/Pods-BroadcastStreaming/Pods-BroadcastStreaming-frameworks-${CONFIGURATION}-output-files.xcfilelist",
			);
			runOnlyForDeploymentPostprocessing = 0;
			shellPath = /bin/sh;
			shellScript = "\"${PODS_ROOT}/Target Support Files/Pods-BroadcastStreaming/Pods-BroadcastStreaming-frameworks.sh\"\n";
			showEnvVarsInLog = 0;
		};
		4ACF3F6356852D0FD8A0A700 /* [CP] Check Pods Manifest.lock */ = {
			isa = PBXShellScriptBuildPhase;
			buildActionMask = 2147483647;
			files = (
			);
			inputFileListPaths = (
			);
			inputPaths = (
				"${PODS_PODFILE_DIR_PATH}/Podfile.lock",
				"${PODS_ROOT}/Manifest.lock",
			);
			name = "[CP] Check Pods Manifest.lock";
			outputFileListPaths = (
			);
			outputPaths = (
				"$(DERIVED_FILE_DIR)/Pods-BroadcastStreaming-checkManifestLockResult.txt",
			);
			runOnlyForDeploymentPostprocessing = 0;
			shellPath = /bin/sh;
			shellScript = "diff \"${PODS_PODFILE_DIR_PATH}/Podfile.lock\" \"${PODS_ROOT}/Manifest.lock\" > /dev/null\nif [ $? != 0 ] ; then\n    # print error to STDERR\n    echo \"error: The sandbox is not in sync with the Podfile.lock. Run 'pod install' or update your CocoaPods installation.\" >&2\n    exit 1\nfi\n# This output is used by Xcode 'outputs' to avoid re-running this script phase.\necho \"SUCCESS\" > \"${SCRIPT_OUTPUT_FILE_0}\"\n";
			showEnvVarsInLog = 0;
		};
/* End PBXShellScriptBuildPhase section */

/* Begin PBXSourcesBuildPhase section */
		1353A5A42A38DB6A00172204 /* Sources */ = {
			isa = PBXSourcesBuildPhase;
			buildActionMask = 2147483647;
			files = (
				1353A5C42A38DF2900172204 /* SDKQuickstartViewController.swift in Sources */,
				1353A5B02A38DB6A00172204 /* ViewController.swift in Sources */,
				1353A5AC2A38DB6A00172204 /* AppDelegate.swift in Sources */,
				1353A5AE2A38DB6A00172204 /* SceneDelegate.swift in Sources */,
			);
			runOnlyForDeploymentPostprocessing = 0;
		};
/* End PBXSourcesBuildPhase section */

/* Begin PBXVariantGroup section */
		1353A5B12A38DB6A00172204 /* Main.storyboard */ = {
			isa = PBXVariantGroup;
			children = (
				1353A5B22A38DB6A00172204 /* Base */,
			);
			name = Main.storyboard;
			sourceTree = "<group>";
		};
		1353A5B62A38DB6C00172204 /* LaunchScreen.storyboard */ = {
			isa = PBXVariantGroup;
			children = (
				1353A5B72A38DB6C00172204 /* Base */,
			);
			name = LaunchScreen.storyboard;
			sourceTree = "<group>";
		};
/* End PBXVariantGroup section */

/* Begin XCBuildConfiguration section */
		1353A5BA2A38DB6C00172204 /* Debug */ = {
			isa = XCBuildConfiguration;
			buildSettings = {
				ALWAYS_SEARCH_USER_PATHS = NO;
				CLANG_ANALYZER_NONNULL = YES;
				CLANG_ANALYZER_NUMBER_OBJECT_CONVERSION = YES_AGGRESSIVE;
				CLANG_CXX_LANGUAGE_STANDARD = "gnu++20";
				CLANG_ENABLE_MODULES = YES;
				CLANG_ENABLE_OBJC_ARC = YES;
				CLANG_ENABLE_OBJC_WEAK = YES;
				CLANG_WARN_BLOCK_CAPTURE_AUTORELEASING = YES;
				CLANG_WARN_BOOL_CONVERSION = YES;
				CLANG_WARN_COMMA = YES;
				CLANG_WARN_CONSTANT_CONVERSION = YES;
				CLANG_WARN_DEPRECATED_OBJC_IMPLEMENTATIONS = YES;
				CLANG_WARN_DIRECT_OBJC_ISA_USAGE = YES_ERROR;
				CLANG_WARN_DOCUMENTATION_COMMENTS = YES;
				CLANG_WARN_EMPTY_BODY = YES;
				CLANG_WARN_ENUM_CONVERSION = YES;
				CLANG_WARN_INFINITE_RECURSION = YES;
				CLANG_WARN_INT_CONVERSION = YES;
				CLANG_WARN_NON_LITERAL_NULL_CONVERSION = YES;
				CLANG_WARN_OBJC_IMPLICIT_RETAIN_SELF = YES;
				CLANG_WARN_OBJC_LITERAL_CONVERSION = YES;
				CLANG_WARN_OBJC_ROOT_CLASS = YES_ERROR;
				CLANG_WARN_QUOTED_INCLUDE_IN_FRAMEWORK_HEADER = YES;
				CLANG_WARN_RANGE_LOOP_ANALYSIS = YES;
				CLANG_WARN_STRICT_PROTOTYPES = YES;
				CLANG_WARN_SUSPICIOUS_MOVE = YES;
				CLANG_WARN_UNGUARDED_AVAILABILITY = YES_AGGRESSIVE;
				CLANG_WARN_UNREACHABLE_CODE = YES;
				CLANG_WARN__DUPLICATE_METHOD_MATCH = YES;
				COPY_PHASE_STRIP = NO;
				DEBUG_INFORMATION_FORMAT = dwarf;
				ENABLE_STRICT_OBJC_MSGSEND = YES;
				ENABLE_TESTABILITY = YES;
				GCC_C_LANGUAGE_STANDARD = gnu11;
				GCC_DYNAMIC_NO_PIC = NO;
				GCC_NO_COMMON_BLOCKS = YES;
				GCC_OPTIMIZATION_LEVEL = 0;
				GCC_PREPROCESSOR_DEFINITIONS = (
					"DEBUG=1",
					"$(inherited)",
				);
				GCC_WARN_64_TO_32_BIT_CONVERSION = YES;
				GCC_WARN_ABOUT_RETURN_TYPE = YES_ERROR;
				GCC_WARN_UNDECLARED_SELECTOR = YES;
				GCC_WARN_UNINITIALIZED_AUTOS = YES_AGGRESSIVE;
				GCC_WARN_UNUSED_FUNCTION = YES;
				GCC_WARN_UNUSED_VARIABLE = YES;
				IPHONEOS_DEPLOYMENT_TARGET = 16.4;
				MTL_ENABLE_DEBUG_INFO = INCLUDE_SOURCE;
				MTL_FAST_MATH = YES;
				ONLY_ACTIVE_ARCH = YES;
				SDKROOT = iphoneos;
				SWIFT_ACTIVE_COMPILATION_CONDITIONS = DEBUG;
				SWIFT_OPTIMIZATION_LEVEL = "-Onone";
			};
			name = Debug;
		};
		1353A5BB2A38DB6C00172204 /* Release */ = {
			isa = XCBuildConfiguration;
			buildSettings = {
				ALWAYS_SEARCH_USER_PATHS = NO;
				CLANG_ANALYZER_NONNULL = YES;
				CLANG_ANALYZER_NUMBER_OBJECT_CONVERSION = YES_AGGRESSIVE;
				CLANG_CXX_LANGUAGE_STANDARD = "gnu++20";
				CLANG_ENABLE_MODULES = YES;
				CLANG_ENABLE_OBJC_ARC = YES;
				CLANG_ENABLE_OBJC_WEAK = YES;
				CLANG_WARN_BLOCK_CAPTURE_AUTORELEASING = YES;
				CLANG_WARN_BOOL_CONVERSION = YES;
				CLANG_WARN_COMMA = YES;
				CLANG_WARN_CONSTANT_CONVERSION = YES;
				CLANG_WARN_DEPRECATED_OBJC_IMPLEMENTATIONS = YES;
				CLANG_WARN_DIRECT_OBJC_ISA_USAGE = YES_ERROR;
				CLANG_WARN_DOCUMENTATION_COMMENTS = YES;
				CLANG_WARN_EMPTY_BODY = YES;
				CLANG_WARN_ENUM_CONVERSION = YES;
				CLANG_WARN_INFINITE_RECURSION = YES;
				CLANG_WARN_INT_CONVERSION = YES;
				CLANG_WARN_NON_LITERAL_NULL_CONVERSION = YES;
				CLANG_WARN_OBJC_IMPLICIT_RETAIN_SELF = YES;
				CLANG_WARN_OBJC_LITERAL_CONVERSION = YES;
				CLANG_WARN_OBJC_ROOT_CLASS = YES_ERROR;
				CLANG_WARN_QUOTED_INCLUDE_IN_FRAMEWORK_HEADER = YES;
				CLANG_WARN_RANGE_LOOP_ANALYSIS = YES;
				CLANG_WARN_STRICT_PROTOTYPES = YES;
				CLANG_WARN_SUSPICIOUS_MOVE = YES;
				CLANG_WARN_UNGUARDED_AVAILABILITY = YES_AGGRESSIVE;
				CLANG_WARN_UNREACHABLE_CODE = YES;
				CLANG_WARN__DUPLICATE_METHOD_MATCH = YES;
				COPY_PHASE_STRIP = NO;
				DEBUG_INFORMATION_FORMAT = "dwarf-with-dsym";
				ENABLE_NS_ASSERTIONS = NO;
				ENABLE_STRICT_OBJC_MSGSEND = YES;
				GCC_C_LANGUAGE_STANDARD = gnu11;
				GCC_NO_COMMON_BLOCKS = YES;
				GCC_WARN_64_TO_32_BIT_CONVERSION = YES;
				GCC_WARN_ABOUT_RETURN_TYPE = YES_ERROR;
				GCC_WARN_UNDECLARED_SELECTOR = YES;
				GCC_WARN_UNINITIALIZED_AUTOS = YES_AGGRESSIVE;
				GCC_WARN_UNUSED_FUNCTION = YES;
				GCC_WARN_UNUSED_VARIABLE = YES;
				IPHONEOS_DEPLOYMENT_TARGET = 16.4;
				MTL_ENABLE_DEBUG_INFO = NO;
				MTL_FAST_MATH = YES;
				SDKROOT = iphoneos;
				SWIFT_COMPILATION_MODE = wholemodule;
				SWIFT_OPTIMIZATION_LEVEL = "-O";
				VALIDATE_PRODUCT = YES;
			};
			name = Release;
		};
		1353A5BD2A38DB6C00172204 /* Debug */ = {
			isa = XCBuildConfiguration;
			baseConfigurationReference = 07363A984B815F18D6C99596 /* Pods-BroadcastStreaming.debug.xcconfig */;
			buildSettings = {
				ASSETCATALOG_COMPILER_APPICON_NAME = AppIcon;
				ASSETCATALOG_COMPILER_GLOBAL_ACCENT_COLOR_NAME = AccentColor;
				CODE_SIGN_STYLE = Automatic;
				CURRENT_PROJECT_VERSION = 1;
				DEVELOPMENT_TEAM = 36BF9P9PDN;
				GENERATE_INFOPLIST_FILE = YES;
				INFOPLIST_FILE = BroadcastStreaming/Info.plist;
				INFOPLIST_KEY_UIApplicationSupportsIndirectInputEvents = YES;
				INFOPLIST_KEY_UILaunchStoryboardName = LaunchScreen;
				INFOPLIST_KEY_UIMainStoryboardFile = Main;
				INFOPLIST_KEY_UISupportedInterfaceOrientations_iPad = "UIInterfaceOrientationPortrait UIInterfaceOrientationPortraitUpsideDown UIInterfaceOrientationLandscapeLeft UIInterfaceOrientationLandscapeRight";
				INFOPLIST_KEY_UISupportedInterfaceOrientations_iPhone = "UIInterfaceOrientationPortrait UIInterfaceOrientationLandscapeLeft UIInterfaceOrientationLandscapeRight";
				IPHONEOS_DEPLOYMENT_TARGET = 14.0;
				LD_RUNPATH_SEARCH_PATHS = (
					"$(inherited)",
					"@executable_path/Frameworks",
				);
				MARKETING_VERSION = 1.0;
				PRODUCT_BUNDLE_IDENTIFIER = bradley.hoang.BroadcastStreaming;
				PRODUCT_NAME = "$(TARGET_NAME)";
				SWIFT_EMIT_LOC_STRINGS = YES;
				SWIFT_VERSION = 5.0;
				TARGETED_DEVICE_FAMILY = "1,2";
			};
			name = Debug;
		};
		1353A5BE2A38DB6C00172204 /* Release */ = {
			isa = XCBuildConfiguration;
			baseConfigurationReference = 020CFFA9D9ECD586BC701027 /* Pods-BroadcastStreaming.release.xcconfig */;
			buildSettings = {
				ASSETCATALOG_COMPILER_APPICON_NAME = AppIcon;
				ASSETCATALOG_COMPILER_GLOBAL_ACCENT_COLOR_NAME = AccentColor;
				CODE_SIGN_STYLE = Automatic;
				CURRENT_PROJECT_VERSION = 1;
				DEVELOPMENT_TEAM = 36BF9P9PDN;
				GENERATE_INFOPLIST_FILE = YES;
				INFOPLIST_FILE = BroadcastStreaming/Info.plist;
				INFOPLIST_KEY_UIApplicationSupportsIndirectInputEvents = YES;
				INFOPLIST_KEY_UILaunchStoryboardName = LaunchScreen;
				INFOPLIST_KEY_UIMainStoryboardFile = Main;
				INFOPLIST_KEY_UISupportedInterfaceOrientations_iPad = "UIInterfaceOrientationPortrait UIInterfaceOrientationPortraitUpsideDown UIInterfaceOrientationLandscapeLeft UIInterfaceOrientationLandscapeRight";
				INFOPLIST_KEY_UISupportedInterfaceOrientations_iPhone = "UIInterfaceOrientationPortrait UIInterfaceOrientationLandscapeLeft UIInterfaceOrientationLandscapeRight";
				IPHONEOS_DEPLOYMENT_TARGET = 14.0;
				LD_RUNPATH_SEARCH_PATHS = (
					"$(inherited)",
					"@executable_path/Frameworks",
				);
				MARKETING_VERSION = 1.0;
				PRODUCT_BUNDLE_IDENTIFIER = bradley.hoang.BroadcastStreaming;
				PRODUCT_NAME = "$(TARGET_NAME)";
				SWIFT_EMIT_LOC_STRINGS = YES;
				SWIFT_VERSION = 5.0;
				TARGETED_DEVICE_FAMILY = "1,2";
			};
			name = Release;
		};
/* End XCBuildConfiguration section */

/* Begin XCConfigurationList section */
		1353A5A32A38DB6A00172204 /* Build configuration list for PBXProject "BroadcastStreaming" */ = {
			isa = XCConfigurationList;
			buildConfigurations = (
				1353A5BA2A38DB6C00172204 /* Debug */,
				1353A5BB2A38DB6C00172204 /* Release */,
			);
			defaultConfigurationIsVisible = 0;
			defaultConfigurationName = Release;
		};
		1353A5BC2A38DB6C00172204 /* Build configuration list for PBXNativeTarget "BroadcastStreaming" */ = {
			isa = XCConfigurationList;
			buildConfigurations = (
				1353A5BD2A38DB6C00172204 /* Debug */,
				1353A5BE2A38DB6C00172204 /* Release */,
			);
			defaultConfigurationIsVisible = 0;
			defaultConfigurationName = Release;
		};
/* End XCConfigurationList section */
	};
	rootObject = 1353A5A02A38DB6A00172204 /* Project object */;
}
